
Microsoft Visual Studio Solution File, Format Version 12.00
# Visual Studio 15
VisualStudioVersion = 15.0.28307.705
MinimumVisualStudioVersion = 10.0.40219.1
Project("{8BC9CEB8-8B4A-11D0-8D11-00A0C91BC942}") = "BiTree", "BiTree\BiTree.vcxproj", "{71EF5706-2478-4C8E-9FBC-7F038329133C}"
EndProject
Global
	GlobalSection(SolutionConfigurationPlatforms) = preSolution
		Debug|x64 = Debug|x64
		Debug|x86 = Debug|x86
		Release|x64 = Release|x64
		Release|x86 = Release|x86
	EndGlobalSection
	GlobalSection(ProjectConfigurationPlatforms) = postSolution
		{71EF5706-2478-4C8E-9FBC-7F038329133C}.Debug|x64.ActiveCfg = Debug|x64
		{71EF5706-2478-4C8E-9FBC-7F038329133C}.Debug|x64.Build.0 = Debug|x64
		{71EF5706-2478-4C8E-9FBC-7F038329133C}.Debug|x86.ActiveCfg = Debug|Win32
		{71EF5706-2478-4C8E-9FBC-7F038329133C}.Debug|x86.Build.0 = Debug|Win32
		{71EF5706-2478-4C8E-9FBC-7F038329133C}.Release|x64.ActiveCfg = Release|x64
		{71EF5706-2478-4C8E-9FBC-7F038329133C}.Release|x64.Build.0 = Release|x64
		{71EF5706-2478-4C8E-9FBC-7F038329133C}.Release|x86.ActiveCfg = Release|Win32
		{71EF5706-2478-4C8E-9FBC-7F038329133C}.Release|x86.Build.0 = Release|Win32
	EndGlobalSection
	GlobalSection(SolutionProperties) = preSolution
		HideSolutionNode = FALSE
	EndGlobalSection
	GlobalSection(ExtensibilityGlobals) = postSolution
		SolutionGuid = {75FEA47D-A27B-49D6-99E8-1D96EA93B71E}
	EndGlobalSection
EndGlobal
